// !$*UTF8*$!
{
	archiveVersion = 1;
	classes = {
	};
	objectVersion = 46;
	objects = {

/* Begin PBXBuildFile section */
		002E0CA41DD415D6002E19E6 /* AFHTTPRequestOperation.m in Sources */ = {isa = PBXBuildFile; fileRef = 002E0C921DD415D6002E19E6 /* AFHTTPRequestOperation.m */; };
		002E0CA51DD415D6002E19E6 /* AFHTTPRequestOperationManager.m in Sources */ = {isa = PBXBuildFile; fileRef = 002E0C941DD415D6002E19E6 /* AFHTTPRequestOperationManager.m */; };
		002E0CA61DD415D6002E19E6 /* AFHTTPSessionManager.m in Sources */ = {isa = PBXBuildFile; fileRef = 002E0C961DD415D6002E19E6 /* AFHTTPSessionManager.m */; };
		002E0CA71DD415D6002E19E6 /* AFNetworkReachabilityManager.m in Sources */ = {isa = PBXBuildFile; fileRef = 002E0C991DD415D6002E19E6 /* AFNetworkReachabilityManager.m */; };
		002E0CA81DD415D6002E19E6 /* AFSecurityPolicy.m in Sources */ = {isa = PBXBuildFile; fileRef = 002E0C9B1DD415D6002E19E6 /* AFSecurityPolicy.m */; };
		002E0CA91DD415D6002E19E6 /* AFURLConnectionOperation.m in Sources */ = {isa = PBXBuildFile; fileRef = 002E0C9D1DD415D6002E19E6 /* AFURLConnectionOperation.m */; };
		002E0CAA1DD415D6002E19E6 /* AFURLRequestSerialization.m in Sources */ = {isa = PBXBuildFile; fileRef = 002E0C9F1DD415D6002E19E6 /* AFURLRequestSerialization.m */; };
		002E0CAB1DD415D6002E19E6 /* AFURLResponseSerialization.m in Sources */ = {isa = PBXBuildFile; fileRef = 002E0CA11DD415D6002E19E6 /* AFURLResponseSerialization.m */; };
		002E0CAC1DD415D6002E19E6 /* AFURLSessionManager.m in Sources */ = {isa = PBXBuildFile; fileRef = 002E0CA31DD415D6002E19E6 /* AFURLSessionManager.m */; };
		002E0CC31DD415E4002E19E6 /* MJExtensionConst.m in Sources */ = {isa = PBXBuildFile; fileRef = 002E0CB01DD415E4002E19E6 /* MJExtensionConst.m */; };
		002E0CC41DD415E4002E19E6 /* MJFoundation.m in Sources */ = {isa = PBXBuildFile; fileRef = 002E0CB21DD415E4002E19E6 /* MJFoundation.m */; };
		002E0CC51DD415E4002E19E6 /* MJProperty.m in Sources */ = {isa = PBXBuildFile; fileRef = 002E0CB41DD415E4002E19E6 /* MJProperty.m */; };
		002E0CC61DD415E4002E19E6 /* MJPropertyKey.m in Sources */ = {isa = PBXBuildFile; fileRef = 002E0CB61DD415E4002E19E6 /* MJPropertyKey.m */; };
		002E0CC71DD415E4002E19E6 /* MJPropertyType.m in Sources */ = {isa = PBXBuildFile; fileRef = 002E0CB81DD415E4002E19E6 /* MJPropertyType.m */; };
		002E0CC81DD415E4002E19E6 /* NSObject+MJClass.m in Sources */ = {isa = PBXBuildFile; fileRef = 002E0CBA1DD415E4002E19E6 /* NSObject+MJClass.m */; };
		002E0CC91DD415E4002E19E6 /* NSObject+MJCoding.m in Sources */ = {isa = PBXBuildFile; fileRef = 002E0CBC1DD415E4002E19E6 /* NSObject+MJCoding.m */; };
		002E0CCA1DD415E4002E19E6 /* NSObject+MJKeyValue.m in Sources */ = {isa = PBXBuildFile; fileRef = 002E0CBE1DD415E4002E19E6 /* NSObject+MJKeyValue.m */; };
		002E0CCB1DD415E4002E19E6 /* NSObject+MJProperty.m in Sources */ = {isa = PBXBuildFile; fileRef = 002E0CC01DD415E4002E19E6 /* NSObject+MJProperty.m */; };
		002E0CCC1DD415E4002E19E6 /* NSString+MJExtension.m in Sources */ = {isa = PBXBuildFile; fileRef = 002E0CC21DD415E4002E19E6 /* NSString+MJExtension.m */; };
		002E0D091DD41601002E19E6 /* FMDatabase.m in Sources */ = {isa = PBXBuildFile; fileRef = 002E0CCF1DD41601002E19E6 /* FMDatabase.m */; };
		002E0D0A1DD41601002E19E6 /* FMDatabaseAdditions.m in Sources */ = {isa = PBXBuildFile; fileRef = 002E0CD11DD41601002E19E6 /* FMDatabaseAdditions.m */; };
		002E0D0B1DD41601002E19E6 /* FMDatabasePool.m in Sources */ = {isa = PBXBuildFile; fileRef = 002E0CD31DD41601002E19E6 /* FMDatabasePool.m */; };
		002E0D0C1DD41601002E19E6 /* FMDatabaseQueue.m in Sources */ = {isa = PBXBuildFile; fileRef = 002E0CD51DD41601002E19E6 /* FMDatabaseQueue.m */; };
		002E0D0D1DD41601002E19E6 /* FMResultSet.m in Sources */ = {isa = PBXBuildFile; fileRef = 002E0CD81DD41601002E19E6 /* FMResultSet.m */; };
		002E0D0E1DD41601002E19E6 /* Info.plist in Resources */ = {isa = PBXBuildFile; fileRef = 002E0CD91DD41601002E19E6 /* Info.plist */; };
		002E0D0F1DD41601002E19E6 /* MJRefreshAutoFooter.m in Sources */ = {isa = PBXBuildFile; fileRef = 002E0CDD1DD41601002E19E6 /* MJRefreshAutoFooter.m */; };
		002E0D101DD41601002E19E6 /* MJRefreshBackFooter.m in Sources */ = {isa = PBXBuildFile; fileRef = 002E0CDF1DD41601002E19E6 /* MJRefreshBackFooter.m */; };
		002E0D111DD41601002E19E6 /* MJRefreshComponent.m in Sources */ = {isa = PBXBuildFile; fileRef = 002E0CE11DD41601002E19E6 /* MJRefreshComponent.m */; };
		002E0D121DD41601002E19E6 /* MJRefreshFooter.m in Sources */ = {isa = PBXBuildFile; fileRef = 002E0CE31DD41601002E19E6 /* MJRefreshFooter.m */; };
		002E0D131DD41601002E19E6 /* MJRefreshHeader.m in Sources */ = {isa = PBXBuildFile; fileRef = 002E0CE51DD41601002E19E6 /* MJRefreshHeader.m */; };
		002E0D141DD41601002E19E6 /* MJRefreshAutoGifFooter.m in Sources */ = {isa = PBXBuildFile; fileRef = 002E0CEA1DD41601002E19E6 /* MJRefreshAutoGifFooter.m */; };
		002E0D151DD41601002E19E6 /* MJRefreshAutoNormalFooter.m in Sources */ = {isa = PBXBuildFile; fileRef = 002E0CEC1DD41601002E19E6 /* MJRefreshAutoNormalFooter.m */; };
		002E0D161DD41601002E19E6 /* MJRefreshAutoStateFooter.m in Sources */ = {isa = PBXBuildFile; fileRef = 002E0CEE1DD41601002E19E6 /* MJRefreshAutoStateFooter.m */; };
		002E0D171DD41601002E19E6 /* MJRefreshBackGifFooter.m in Sources */ = {isa = PBXBuildFile; fileRef = 002E0CF11DD41601002E19E6 /* MJRefreshBackGifFooter.m */; };
		002E0D181DD41601002E19E6 /* MJRefreshBackNormalFooter.m in Sources */ = {isa = PBXBuildFile; fileRef = 002E0CF31DD41601002E19E6 /* MJRefreshBackNormalFooter.m */; };
		002E0D191DD41601002E19E6 /* MJRefreshBackStateFooter.m in Sources */ = {isa = PBXBuildFile; fileRef = 002E0CF51DD41601002E19E6 /* MJRefreshBackStateFooter.m */; };
		002E0D1A1DD41601002E19E6 /* MJRefreshGifHeader.m in Sources */ = {isa = PBXBuildFile; fileRef = 002E0CF81DD41601002E19E6 /* MJRefreshGifHeader.m */; };
		002E0D1B1DD41601002E19E6 /* MJRefreshNormalHeader.m in Sources */ = {isa = PBXBuildFile; fileRef = 002E0CFA1DD41601002E19E6 /* MJRefreshNormalHeader.m */; };
		002E0D1C1DD41601002E19E6 /* MJRefreshStateHeader.m in Sources */ = {isa = PBXBuildFile; fileRef = 002E0CFC1DD41601002E19E6 /* MJRefreshStateHeader.m */; };
		002E0D1D1DD41601002E19E6 /* MJRefresh.bundle in Resources */ = {isa = PBXBuildFile; fileRef = 002E0CFD1DD41601002E19E6 /* MJRefresh.bundle */; };
		002E0D1E1DD41601002E19E6 /* MJRefreshConst.m in Sources */ = {isa = PBXBuildFile; fileRef = 002E0D001DD41601002E19E6 /* MJRefreshConst.m */; };
		002E0D1F1DD41601002E19E6 /* NSBundle+MJRefresh.m in Sources */ = {isa = PBXBuildFile; fileRef = 002E0D021DD41601002E19E6 /* NSBundle+MJRefresh.m */; };
		002E0D201DD41601002E19E6 /* UIScrollView+MJExtension.m in Sources */ = {isa = PBXBuildFile; fileRef = 002E0D041DD41601002E19E6 /* UIScrollView+MJExtension.m */; };
		002E0D211DD41601002E19E6 /* UIScrollView+MJRefresh.m in Sources */ = {isa = PBXBuildFile; fileRef = 002E0D061DD41601002E19E6 /* UIScrollView+MJRefresh.m */; };
		002E0D221DD41601002E19E6 /* UIView+MJExtension.m in Sources */ = {isa = PBXBuildFile; fileRef = 002E0D081DD41601002E19E6 /* UIView+MJExtension.m */; };
		00BA82BD1DD2BA62001DEADD /* ProjectManagerTableViewCell.m in Sources */ = {isa = PBXBuildFile; fileRef = 00BA82BB1DD2BA62001DEADD /* ProjectManagerTableViewCell.m */; };
		00BA82BE1DD2BA62001DEADD /* ProjectManagerTableViewCell.xib in Resources */ = {isa = PBXBuildFile; fileRef = 00BA82BC1DD2BA62001DEADD /* ProjectManagerTableViewCell.xib */; };
		C00904B31DD32B52008C05FB /* CertificateOutlayCell.m in Sources */ = {isa = PBXBuildFile; fileRef = C00904B11DD32B52008C05FB /* CertificateOutlayCell.m */; };
		C00904B41DD32B52008C05FB /* CertificateOutlayCell.xib in Resources */ = {isa = PBXBuildFile; fileRef = C00904B21DD32B52008C05FB /* CertificateOutlayCell.xib */; };
		C00904BD1DD32FA2008C05FB /* ApprovalInfoCell.m in Sources */ = {isa = PBXBuildFile; fileRef = C00904BB1DD32FA2008C05FB /* ApprovalInfoCell.m */; };
		C00904BE1DD32FA2008C05FB /* ApprovalInfoCell.xib in Resources */ = {isa = PBXBuildFile; fileRef = C00904BC1DD32FA2008C05FB /* ApprovalInfoCell.xib */; };
		C017FBB31DD1C8AA00155B52 /* MyTableView.m in Sources */ = {isa = PBXBuildFile; fileRef = C017FBB21DD1C8AA00155B52 /* MyTableView.m */; };
		C017FBBC1DD1CB0500155B52 /* HttpRequest.m in Sources */ = {isa = PBXBuildFile; fileRef = C017FBBB1DD1CB0500155B52 /* HttpRequest.m */; };
		C017FBC51DD1D38E00155B52 /* ApprovalTableViewCell.m in Sources */ = {isa = PBXBuildFile; fileRef = C017FBC31DD1D38E00155B52 /* ApprovalTableViewCell.m */; };
		C017FBC61DD1D38E00155B52 /* ApprovalTableViewCell.xib in Resources */ = {isa = PBXBuildFile; fileRef = C017FBC41DD1D38E00155B52 /* ApprovalTableViewCell.xib */; };
		C0B5ACB71DD17C5C00596FE1 /* main.m in Sources */ = {isa = PBXBuildFile; fileRef = C0B5ACB61DD17C5C00596FE1 /* main.m */; };
		C0B5ACBA1DD17C5C00596FE1 /* AppDelegate.m in Sources */ = {isa = PBXBuildFile; fileRef = C0B5ACB91DD17C5C00596FE1 /* AppDelegate.m */; };
		C0B5ACBD1DD17C5C00596FE1 /* ViewController.m in Sources */ = {isa = PBXBuildFile; fileRef = C0B5ACBC1DD17C5C00596FE1 /* ViewController.m */; };
		C0B5ACC01DD17C5C00596FE1 /* Main.storyboard in Resources */ = {isa = PBXBuildFile; fileRef = C0B5ACBE1DD17C5C00596FE1 /* Main.storyboard */; };
		C0B5ACC21DD17C5C00596FE1 /* Assets.xcassets in Resources */ = {isa = PBXBuildFile; fileRef = C0B5ACC11DD17C5C00596FE1 /* Assets.xcassets */; };
		C0B5ACC51DD17C5C00596FE1 /* LaunchScreen.storyboard in Resources */ = {isa = PBXBuildFile; fileRef = C0B5ACC31DD17C5C00596FE1 /* LaunchScreen.storyboard */; };
		C0B5ACD01DD17C5C00596FE1 /* VSPNOATests.m in Sources */ = {isa = PBXBuildFile; fileRef = C0B5ACCF1DD17C5C00596FE1 /* VSPNOATests.m */; };
		C0B5ACDB1DD17C5C00596FE1 /* VSPNOAUITests.m in Sources */ = {isa = PBXBuildFile; fileRef = C0B5ACDA1DD17C5C00596FE1 /* VSPNOAUITests.m */; };
/* End PBXBuildFile section */

/* Begin PBXContainerItemProxy section */
		C0B5ACCC1DD17C5C00596FE1 /* PBXContainerItemProxy */ = {
			isa = PBXContainerItemProxy;
			containerPortal = C0B5ACAA1DD17C5C00596FE1 /* Project object */;
			proxyType = 1;
			remoteGlobalIDString = C0B5ACB11DD17C5C00596FE1;
			remoteInfo = VSPNOA;
		};
		C0B5ACD71DD17C5C00596FE1 /* PBXContainerItemProxy */ = {
			isa = PBXContainerItemProxy;
			containerPortal = C0B5ACAA1DD17C5C00596FE1 /* Project object */;
			proxyType = 1;
			remoteGlobalIDString = C0B5ACB11DD17C5C00596FE1;
			remoteInfo = VSPNOA;
		};
/* End PBXContainerItemProxy section */

/* Begin PBXFileReference section */
		002E0C911DD415D6002E19E6 /* AFHTTPRequestOperation.h */ = {isa = PBXFileReference; fileEncoding = 4; lastKnownFileType = sourcecode.c.h; path = AFHTTPRequestOperation.h; sourceTree = "<group>"; };
		002E0C921DD415D6002E19E6 /* AFHTTPRequestOperation.m */ = {isa = PBXFileReference; fileEncoding = 4; lastKnownFileType = sourcecode.c.objc; path = AFHTTPRequestOperation.m; sourceTree = "<group>"; };
		002E0C931DD415D6002E19E6 /* AFHTTPRequestOperationManager.h */ = {isa = PBXFileReference; fileEncoding = 4; lastKnownFileType = sourcecode.c.h; path = AFHTTPRequestOperationManager.h; sourceTree = "<group>"; };
		002E0C941DD415D6002E19E6 /* AFHTTPRequestOperationManager.m */ = {isa = PBXFileReference; fileEncoding = 4; lastKnownFileType = sourcecode.c.objc; path = AFHTTPRequestOperationManager.m; sourceTree = "<group>"; };
		002E0C951DD415D6002E19E6 /* AFHTTPSessionManager.h */ = {isa = PBXFileReference; fileEncoding = 4; lastKnownFileType = sourcecode.c.h; path = AFHTTPSessionManager.h; sourceTree = "<group>"; };
		002E0C961DD415D6002E19E6 /* AFHTTPSessionManager.m */ = {isa = PBXFileReference; fileEncoding = 4; lastKnownFileType = sourcecode.c.objc; path = AFHTTPSessionManager.m; sourceTree = "<group>"; };
		002E0C971DD415D6002E19E6 /* AFNetworking.h */ = {isa = PBXFileReference; fileEncoding = 4; lastKnownFileType = sourcecode.c.h; path = AFNetworking.h; sourceTree = "<group>"; };
		002E0C981DD415D6002E19E6 /* AFNetworkReachabilityManager.h */ = {isa = PBXFileReference; fileEncoding = 4; lastKnownFileType = sourcecode.c.h; path = AFNetworkReachabilityManager.h; sourceTree = "<group>"; };
		002E0C991DD415D6002E19E6 /* AFNetworkReachabilityManager.m */ = {isa = PBXFileReference; fileEncoding = 4; lastKnownFileType = sourcecode.c.objc; path = AFNetworkReachabilityManager.m; sourceTree = "<group>"; };
		002E0C9A1DD415D6002E19E6 /* AFSecurityPolicy.h */ = {isa = PBXFileReference; fileEncoding = 4; lastKnownFileType = sourcecode.c.h; path = AFSecurityPolicy.h; sourceTree = "<group>"; };
		002E0C9B1DD415D6002E19E6 /* AFSecurityPolicy.m */ = {isa = PBXFileReference; fileEncoding = 4; lastKnownFileType = sourcecode.c.objc; path = AFSecurityPolicy.m; sourceTree = "<group>"; };
		002E0C9C1DD415D6002E19E6 /* AFURLConnectionOperation.h */ = {isa = PBXFileReference; fileEncoding = 4; lastKnownFileType = sourcecode.c.h; path = AFURLConnectionOperation.h; sourceTree = "<group>"; };
		002E0C9D1DD415D6002E19E6 /* AFURLConnectionOperation.m */ = {isa = PBXFileReference; fileEncoding = 4; lastKnownFileType = sourcecode.c.objc; path = AFURLConnectionOperation.m; sourceTree = "<group>"; };
		002E0C9E1DD415D6002E19E6 /* AFURLRequestSerialization.h */ = {isa = PBXFileReference; fileEncoding = 4; lastKnownFileType = sourcecode.c.h; path = AFURLRequestSerialization.h; sourceTree = "<group>"; };
		002E0C9F1DD415D6002E19E6 /* AFURLRequestSerialization.m */ = {isa = PBXFileReference; fileEncoding = 4; lastKnownFileType = sourcecode.c.objc; path = AFURLRequestSerialization.m; sourceTree = "<group>"; };
		002E0CA01DD415D6002E19E6 /* AFURLResponseSerialization.h */ = {isa = PBXFileReference; fileEncoding = 4; lastKnownFileType = sourcecode.c.h; path = AFURLResponseSerialization.h; sourceTree = "<group>"; };
		002E0CA11DD415D6002E19E6 /* AFURLResponseSerialization.m */ = {isa = PBXFileReference; fileEncoding = 4; lastKnownFileType = sourcecode.c.objc; path = AFURLResponseSerialization.m; sourceTree = "<group>"; };
		002E0CA21DD415D6002E19E6 /* AFURLSessionManager.h */ = {isa = PBXFileReference; fileEncoding = 4; lastKnownFileType = sourcecode.c.h; path = AFURLSessionManager.h; sourceTree = "<group>"; };
		002E0CA31DD415D6002E19E6 /* AFURLSessionManager.m */ = {isa = PBXFileReference; fileEncoding = 4; lastKnownFileType = sourcecode.c.objc; path = AFURLSessionManager.m; sourceTree = "<group>"; };
		002E0CAE1DD415E4002E19E6 /* MJExtension.h */ = {isa = PBXFileReference; fileEncoding = 4; lastKnownFileType = sourcecode.c.h; path = MJExtension.h; sourceTree = "<group>"; };
		002E0CAF1DD415E4002E19E6 /* MJExtensionConst.h */ = {isa = PBXFileReference; fileEncoding = 4; lastKnownFileType = sourcecode.c.h; path = MJExtensionConst.h; sourceTree = "<group>"; };
		002E0CB01DD415E4002E19E6 /* MJExtensionConst.m */ = {isa = PBXFileReference; fileEncoding = 4; lastKnownFileType = sourcecode.c.objc; path = MJExtensionConst.m; sourceTree = "<group>"; };
		002E0CB11DD415E4002E19E6 /* MJFoundation.h */ = {isa = PBXFileReference; fileEncoding = 4; lastKnownFileType = sourcecode.c.h; path = MJFoundation.h; sourceTree = "<group>"; };
		002E0CB21DD415E4002E19E6 /* MJFoundation.m */ = {isa = PBXFileReference; fileEncoding = 4; lastKnownFileType = sourcecode.c.objc; path = MJFoundation.m; sourceTree = "<group>"; };
		002E0CB31DD415E4002E19E6 /* MJProperty.h */ = {isa = PBXFileReference; fileEncoding = 4; lastKnownFileType = sourcecode.c.h; path = MJProperty.h; sourceTree = "<group>"; };
		002E0CB41DD415E4002E19E6 /* MJProperty.m */ = {isa = PBXFileReference; fileEncoding = 4; lastKnownFileType = sourcecode.c.objc; path = MJProperty.m; sourceTree = "<group>"; };
		002E0CB51DD415E4002E19E6 /* MJPropertyKey.h */ = {isa = PBXFileReference; fileEncoding = 4; lastKnownFileType = sourcecode.c.h; path = MJPropertyKey.h; sourceTree = "<group>"; };
		002E0CB61DD415E4002E19E6 /* MJPropertyKey.m */ = {isa = PBXFileReference; fileEncoding = 4; lastKnownFileType = sourcecode.c.objc; path = MJPropertyKey.m; sourceTree = "<group>"; };
		002E0CB71DD415E4002E19E6 /* MJPropertyType.h */ = {isa = PBXFileReference; fileEncoding = 4; lastKnownFileType = sourcecode.c.h; path = MJPropertyType.h; sourceTree = "<group>"; };
		002E0CB81DD415E4002E19E6 /* MJPropertyType.m */ = {isa = PBXFileReference; fileEncoding = 4; lastKnownFileType = sourcecode.c.objc; path = MJPropertyType.m; sourceTree = "<group>"; };
		002E0CB91DD415E4002E19E6 /* NSObject+MJClass.h */ = {isa = PBXFileReference; fileEncoding = 4; lastKnownFileType = sourcecode.c.h; path = "NSObject+MJClass.h"; sourceTree = "<group>"; };
		002E0CBA1DD415E4002E19E6 /* NSObject+MJClass.m */ = {isa = PBXFileReference; fileEncoding = 4; lastKnownFileType = sourcecode.c.objc; path = "NSObject+MJClass.m"; sourceTree = "<group>"; };
		002E0CBB1DD415E4002E19E6 /* NSObject+MJCoding.h */ = {isa = PBXFileReference; fileEncoding = 4; lastKnownFileType = sourcecode.c.h; path = "NSObject+MJCoding.h"; sourceTree = "<group>"; };
		002E0CBC1DD415E4002E19E6 /* NSObject+MJCoding.m */ = {isa = PBXFileReference; fileEncoding = 4; lastKnownFileType = sourcecode.c.objc; path = "NSObject+MJCoding.m"; sourceTree = "<group>"; };
		002E0CBD1DD415E4002E19E6 /* NSObject+MJKeyValue.h */ = {isa = PBXFileReference; fileEncoding = 4; lastKnownFileType = sourcecode.c.h; path = "NSObject+MJKeyValue.h"; sourceTree = "<group>"; };
		002E0CBE1DD415E4002E19E6 /* NSObject+MJKeyValue.m */ = {isa = PBXFileReference; fileEncoding = 4; lastKnownFileType = sourcecode.c.objc; path = "NSObject+MJKeyValue.m"; sourceTree = "<group>"; };
		002E0CBF1DD415E4002E19E6 /* NSObject+MJProperty.h */ = {isa = PBXFileReference; fileEncoding = 4; lastKnownFileType = sourcecode.c.h; path = "NSObject+MJProperty.h"; sourceTree = "<group>"; };
		002E0CC01DD415E4002E19E6 /* NSObject+MJProperty.m */ = {isa = PBXFileReference; fileEncoding = 4; lastKnownFileType = sourcecode.c.objc; path = "NSObject+MJProperty.m"; sourceTree = "<group>"; };
		002E0CC11DD415E4002E19E6 /* NSString+MJExtension.h */ = {isa = PBXFileReference; fileEncoding = 4; lastKnownFileType = sourcecode.c.h; path = "NSString+MJExtension.h"; sourceTree = "<group>"; };
		002E0CC21DD415E4002E19E6 /* NSString+MJExtension.m */ = {isa = PBXFileReference; fileEncoding = 4; lastKnownFileType = sourcecode.c.objc; path = "NSString+MJExtension.m"; sourceTree = "<group>"; };
		002E0CCE1DD41601002E19E6 /* FMDatabase.h */ = {isa = PBXFileReference; fileEncoding = 4; lastKnownFileType = sourcecode.c.h; path = FMDatabase.h; sourceTree = "<group>"; };
		002E0CCF1DD41601002E19E6 /* FMDatabase.m */ = {isa = PBXFileReference; fileEncoding = 4; lastKnownFileType = sourcecode.c.objc; path = FMDatabase.m; sourceTree = "<group>"; };
		002E0CD01DD41601002E19E6 /* FMDatabaseAdditions.h */ = {isa = PBXFileReference; fileEncoding = 4; lastKnownFileType = sourcecode.c.h; path = FMDatabaseAdditions.h; sourceTree = "<group>"; };
		002E0CD11DD41601002E19E6 /* FMDatabaseAdditions.m */ = {isa = PBXFileReference; fileEncoding = 4; lastKnownFileType = sourcecode.c.objc; path = FMDatabaseAdditions.m; sourceTree = "<group>"; };
		002E0CD21DD41601002E19E6 /* FMDatabasePool.h */ = {isa = PBXFileReference; fileEncoding = 4; lastKnownFileType = sourcecode.c.h; path = FMDatabasePool.h; sourceTree = "<group>"; };
		002E0CD31DD41601002E19E6 /* FMDatabasePool.m */ = {isa = PBXFileReference; fileEncoding = 4; lastKnownFileType = sourcecode.c.objc; path = FMDatabasePool.m; sourceTree = "<group>"; };
		002E0CD41DD41601002E19E6 /* FMDatabaseQueue.h */ = {isa = PBXFileReference; fileEncoding = 4; lastKnownFileType = sourcecode.c.h; path = FMDatabaseQueue.h; sourceTree = "<group>"; };
		002E0CD51DD41601002E19E6 /* FMDatabaseQueue.m */ = {isa = PBXFileReference; fileEncoding = 4; lastKnownFileType = sourcecode.c.objc; path = FMDatabaseQueue.m; sourceTree = "<group>"; };
		002E0CD61DD41601002E19E6 /* FMDB.h */ = {isa = PBXFileReference; fileEncoding = 4; lastKnownFileType = sourcecode.c.h; path = FMDB.h; sourceTree = "<group>"; };
		002E0CD71DD41601002E19E6 /* FMResultSet.h */ = {isa = PBXFileReference; fileEncoding = 4; lastKnownFileType = sourcecode.c.h; path = FMResultSet.h; sourceTree = "<group>"; };
		002E0CD81DD41601002E19E6 /* FMResultSet.m */ = {isa = PBXFileReference; fileEncoding = 4; lastKnownFileType = sourcecode.c.objc; path = FMResultSet.m; sourceTree = "<group>"; };
		002E0CD91DD41601002E19E6 /* Info.plist */ = {isa = PBXFileReference; fileEncoding = 4; lastKnownFileType = text.plist.xml; path = Info.plist; sourceTree = "<group>"; };
		002E0CDC1DD41601002E19E6 /* MJRefreshAutoFooter.h */ = {isa = PBXFileReference; fileEncoding = 4; lastKnownFileType = sourcecode.c.h; path = MJRefreshAutoFooter.h; sourceTree = "<group>"; };
		002E0CDD1DD41601002E19E6 /* MJRefreshAutoFooter.m */ = {isa = PBXFileReference; fileEncoding = 4; lastKnownFileType = sourcecode.c.objc; path = MJRefreshAutoFooter.m; sourceTree = "<group>"; };
		002E0CDE1DD41601002E19E6 /* MJRefreshBackFooter.h */ = {isa = PBXFileReference; fileEncoding = 4; lastKnownFileType = sourcecode.c.h; path = MJRefreshBackFooter.h; sourceTree = "<group>"; };
		002E0CDF1DD41601002E19E6 /* MJRefreshBackFooter.m */ = {isa = PBXFileReference; fileEncoding = 4; lastKnownFileType = sourcecode.c.objc; path = MJRefreshBackFooter.m; sourceTree = "<group>"; };
		002E0CE01DD41601002E19E6 /* MJRefreshComponent.h */ = {isa = PBXFileReference; fileEncoding = 4; lastKnownFileType = sourcecode.c.h; path = MJRefreshComponent.h; sourceTree = "<group>"; };
		002E0CE11DD41601002E19E6 /* MJRefreshComponent.m */ = {isa = PBXFileReference; fileEncoding = 4; lastKnownFileType = sourcecode.c.objc; path = MJRefreshComponent.m; sourceTree = "<group>"; };
		002E0CE21DD41601002E19E6 /* MJRefreshFooter.h */ = {isa = PBXFileReference; fileEncoding = 4; lastKnownFileType = sourcecode.c.h; path = MJRefreshFooter.h; sourceTree = "<group>"; };
		002E0CE31DD41601002E19E6 /* MJRefreshFooter.m */ = {isa = PBXFileReference; fileEncoding = 4; lastKnownFileType = sourcecode.c.objc; path = MJRefreshFooter.m; sourceTree = "<group>"; };
		002E0CE41DD41601002E19E6 /* MJRefreshHeader.h */ = {isa = PBXFileReference; fileEncoding = 4; lastKnownFileType = sourcecode.c.h; path = MJRefreshHeader.h; sourceTree = "<group>"; };
		002E0CE51DD41601002E19E6 /* MJRefreshHeader.m */ = {isa = PBXFileReference; fileEncoding = 4; lastKnownFileType = sourcecode.c.objc; path = MJRefreshHeader.m; sourceTree = "<group>"; };
		002E0CE91DD41601002E19E6 /* MJRefreshAutoGifFooter.h */ = {isa = PBXFileReference; fileEncoding = 4; lastKnownFileType = sourcecode.c.h; path = MJRefreshAutoGifFooter.h; sourceTree = "<group>"; };
		002E0CEA1DD41601002E19E6 /* MJRefreshAutoGifFooter.m */ = {isa = PBXFileReference; fileEncoding = 4; lastKnownFileType = sourcecode.c.objc; path = MJRefreshAutoGifFooter.m; sourceTree = "<group>"; };
		002E0CEB1DD41601002E19E6 /* MJRefreshAutoNormalFooter.h */ = {isa = PBXFileReference; fileEncoding = 4; lastKnownFileType = sourcecode.c.h; path = MJRefreshAutoNormalFooter.h; sourceTree = "<group>"; };
		002E0CEC1DD41601002E19E6 /* MJRefreshAutoNormalFooter.m */ = {isa = PBXFileReference; fileEncoding = 4; lastKnownFileType = sourcecode.c.objc; path = MJRefreshAutoNormalFooter.m; sourceTree = "<group>"; };
		002E0CED1DD41601002E19E6 /* MJRefreshAutoStateFooter.h */ = {isa = PBXFileReference; fileEncoding = 4; lastKnownFileType = sourcecode.c.h; path = MJRefreshAutoStateFooter.h; sourceTree = "<group>"; };
		002E0CEE1DD41601002E19E6 /* MJRefreshAutoStateFooter.m */ = {isa = PBXFileReference; fileEncoding = 4; lastKnownFileType = sourcecode.c.objc; path = MJRefreshAutoStateFooter.m; sourceTree = "<group>"; };
		002E0CF01DD41601002E19E6 /* MJRefreshBackGifFooter.h */ = {isa = PBXFileReference; fileEncoding = 4; lastKnownFileType = sourcecode.c.h; path = MJRefreshBackGifFooter.h; sourceTree = "<group>"; };
		002E0CF11DD41601002E19E6 /* MJRefreshBackGifFooter.m */ = {isa = PBXFileReference; fileEncoding = 4; lastKnownFileType = sourcecode.c.objc; path = MJRefreshBackGifFooter.m; sourceTree = "<group>"; };
		002E0CF21DD41601002E19E6 /* MJRefreshBackNormalFooter.h */ = {isa = PBXFileReference; fileEncoding = 4; lastKnownFileType = sourcecode.c.h; path = MJRefreshBackNormalFooter.h; sourceTree = "<group>"; };
		002E0CF31DD41601002E19E6 /* MJRefreshBackNormalFooter.m */ = {isa = PBXFileReference; fileEncoding = 4; lastKnownFileType = sourcecode.c.objc; path = MJRefreshBackNormalFooter.m; sourceTree = "<group>"; };
		002E0CF41DD41601002E19E6 /* MJRefreshBackStateFooter.h */ = {isa = PBXFileReference; fileEncoding = 4; lastKnownFileType = sourcecode.c.h; path = MJRefreshBackStateFooter.h; sourceTree = "<group>"; };
		002E0CF51DD41601002E19E6 /* MJRefreshBackStateFooter.m */ = {isa = PBXFileReference; fileEncoding = 4; lastKnownFileType = sourcecode.c.objc; path = MJRefreshBackStateFooter.m; sourceTree = "<group>"; };
		002E0CF71DD41601002E19E6 /* MJRefreshGifHeader.h */ = {isa = PBXFileReference; fileEncoding = 4; lastKnownFileType = sourcecode.c.h; path = MJRefreshGifHeader.h; sourceTree = "<group>"; };
		002E0CF81DD41601002E19E6 /* MJRefreshGifHeader.m */ = {isa = PBXFileReference; fileEncoding = 4; lastKnownFileType = sourcecode.c.objc; path = MJRefreshGifHeader.m; sourceTree = "<group>"; };
		002E0CF91DD41601002E19E6 /* MJRefreshNormalHeader.h */ = {isa = PBXFileReference; fileEncoding = 4; lastKnownFileType = sourcecode.c.h; path = MJRefreshNormalHeader.h; sourceTree = "<group>"; };
		002E0CFA1DD41601002E19E6 /* MJRefreshNormalHeader.m */ = {isa = PBXFileReference; fileEncoding = 4; lastKnownFileType = sourcecode.c.objc; path = MJRefreshNormalHeader.m; sourceTree = "<group>"; };
		002E0CFB1DD41601002E19E6 /* MJRefreshStateHeader.h */ = {isa = PBXFileReference; fileEncoding = 4; lastKnownFileType = sourcecode.c.h; path = MJRefreshStateHeader.h; sourceTree = "<group>"; };
		002E0CFC1DD41601002E19E6 /* MJRefreshStateHeader.m */ = {isa = PBXFileReference; fileEncoding = 4; lastKnownFileType = sourcecode.c.objc; path = MJRefreshStateHeader.m; sourceTree = "<group>"; };
		002E0CFD1DD41601002E19E6 /* MJRefresh.bundle */ = {isa = PBXFileReference; lastKnownFileType = "wrapper.plug-in"; path = MJRefresh.bundle; sourceTree = "<group>"; };
		002E0CFE1DD41601002E19E6 /* MJRefresh.h */ = {isa = PBXFileReference; fileEncoding = 4; lastKnownFileType = sourcecode.c.h; path = MJRefresh.h; sourceTree = "<group>"; };
		002E0CFF1DD41601002E19E6 /* MJRefreshConst.h */ = {isa = PBXFileReference; fileEncoding = 4; lastKnownFileType = sourcecode.c.h; path = MJRefreshConst.h; sourceTree = "<group>"; };
		002E0D001DD41601002E19E6 /* MJRefreshConst.m */ = {isa = PBXFileReference; fileEncoding = 4; lastKnownFileType = sourcecode.c.objc; path = MJRefreshConst.m; sourceTree = "<group>"; };
		002E0D011DD41601002E19E6 /* NSBundle+MJRefresh.h */ = {isa = PBXFileReference; fileEncoding = 4; lastKnownFileType = sourcecode.c.h; path = "NSBundle+MJRefresh.h"; sourceTree = "<group>"; };
		002E0D021DD41601002E19E6 /* NSBundle+MJRefresh.m */ = {isa = PBXFileReference; fileEncoding = 4; lastKnownFileType = sourcecode.c.objc; path = "NSBundle+MJRefresh.m"; sourceTree = "<group>"; };
		002E0D031DD41601002E19E6 /* UIScrollView+MJExtension.h */ = {isa = PBXFileReference; fileEncoding = 4; lastKnownFileType = sourcecode.c.h; path = "UIScrollView+MJExtension.h"; sourceTree = "<group>"; };
		002E0D041DD41601002E19E6 /* UIScrollView+MJExtension.m */ = {isa = PBXFileReference; fileEncoding = 4; lastKnownFileType = sourcecode.c.objc; path = "UIScrollView+MJExtension.m"; sourceTree = "<group>"; };
		002E0D051DD41601002E19E6 /* UIScrollView+MJRefresh.h */ = {isa = PBXFileReference; fileEncoding = 4; lastKnownFileType = sourcecode.c.h; path = "UIScrollView+MJRefresh.h"; sourceTree = "<group>"; };
		002E0D061DD41601002E19E6 /* UIScrollView+MJRefresh.m */ = {isa = PBXFileReference; fileEncoding = 4; lastKnownFileType = sourcecode.c.objc; path = "UIScrollView+MJRefresh.m"; sourceTree = "<group>"; };
		002E0D071DD41601002E19E6 /* UIView+MJExtension.h */ = {isa = PBXFileReference; fileEncoding = 4; lastKnownFileType = sourcecode.c.h; path = "UIView+MJExtension.h"; sourceTree = "<group>"; };
		002E0D081DD41601002E19E6 /* UIView+MJExtension.m */ = {isa = PBXFileReference; fileEncoding = 4; lastKnownFileType = sourcecode.c.objc; path = "UIView+MJExtension.m"; sourceTree = "<group>"; };
		00BA82BA1DD2BA62001DEADD /* ProjectManagerTableViewCell.h */ = {isa = PBXFileReference; fileEncoding = 4; lastKnownFileType = sourcecode.c.h; path = ProjectManagerTableViewCell.h; sourceTree = "<group>"; };
		00BA82BB1DD2BA62001DEADD /* ProjectManagerTableViewCell.m */ = {isa = PBXFileReference; fileEncoding = 4; lastKnownFileType = sourcecode.c.objc; path = ProjectManagerTableViewCell.m; sourceTree = "<group>"; };
		00BA82BC1DD2BA62001DEADD /* ProjectManagerTableViewCell.xib */ = {isa = PBXFileReference; fileEncoding = 4; lastKnownFileType = file.xib; path = ProjectManagerTableViewCell.xib; sourceTree = "<group>"; };
		C00904B01DD32B52008C05FB /* CertificateOutlayCell.h */ = {isa = PBXFileReference; fileEncoding = 4; lastKnownFileType = sourcecode.c.h; path = CertificateOutlayCell.h; sourceTree = "<group>"; };
		C00904B11DD32B52008C05FB /* CertificateOutlayCell.m */ = {isa = PBXFileReference; fileEncoding = 4; lastKnownFileType = sourcecode.c.objc; path = CertificateOutlayCell.m; sourceTree = "<group>"; };
		C00904B21DD32B52008C05FB /* CertificateOutlayCell.xib */ = {isa = PBXFileReference; fileEncoding = 4; lastKnownFileType = file.xib; path = CertificateOutlayCell.xib; sourceTree = "<group>"; };
		C00904BA1DD32FA2008C05FB /* ApprovalInfoCell.h */ = {isa = PBXFileReference; fileEncoding = 4; lastKnownFileType = sourcecode.c.h; path = ApprovalInfoCell.h; sourceTree = "<group>"; };
		C00904BB1DD32FA2008C05FB /* ApprovalInfoCell.m */ = {isa = PBXFileReference; fileEncoding = 4; lastKnownFileType = sourcecode.c.objc; path = ApprovalInfoCell.m; sourceTree = "<group>"; };
		C00904BC1DD32FA2008C05FB /* ApprovalInfoCell.xib */ = {isa = PBXFileReference; fileEncoding = 4; lastKnownFileType = file.xib; path = ApprovalInfoCell.xib; sourceTree = "<group>"; };
		C017FBB11DD1C8AA00155B52 /* MyTableView.h */ = {isa = PBXFileReference; fileEncoding = 4; lastKnownFileType = sourcecode.c.h; path = MyTableView.h; sourceTree = "<group>"; };
		C017FBB21DD1C8AA00155B52 /* MyTableView.m */ = {isa = PBXFileReference; fileEncoding = 4; lastKnownFileType = sourcecode.c.objc; path = MyTableView.m; sourceTree = "<group>"; };
		C017FBBA1DD1CB0500155B52 /* HttpRequest.h */ = {isa = PBXFileReference; fileEncoding = 4; lastKnownFileType = sourcecode.c.h; path = HttpRequest.h; sourceTree = "<group>"; };
		C017FBBB1DD1CB0500155B52 /* HttpRequest.m */ = {isa = PBXFileReference; fileEncoding = 4; lastKnownFileType = sourcecode.c.objc; path = HttpRequest.m; sourceTree = "<group>"; };
		C017FBC21DD1D38E00155B52 /* ApprovalTableViewCell.h */ = {isa = PBXFileReference; fileEncoding = 4; lastKnownFileType = sourcecode.c.h; path = ApprovalTableViewCell.h; sourceTree = "<group>"; };
		C017FBC31DD1D38E00155B52 /* ApprovalTableViewCell.m */ = {isa = PBXFileReference; fileEncoding = 4; lastKnownFileType = sourcecode.c.objc; path = ApprovalTableViewCell.m; sourceTree = "<group>"; };
		C017FBC41DD1D38E00155B52 /* ApprovalTableViewCell.xib */ = {isa = PBXFileReference; fileEncoding = 4; lastKnownFileType = file.xib; path = ApprovalTableViewCell.xib; sourceTree = "<group>"; };
		C0B5ACB21DD17C5C00596FE1 /* VSPNOA.app */ = {isa = PBXFileReference; explicitFileType = wrapper.application; includeInIndex = 0; path = VSPNOA.app; sourceTree = BUILT_PRODUCTS_DIR; };
		C0B5ACB61DD17C5C00596FE1 /* main.m */ = {isa = PBXFileReference; lastKnownFileType = sourcecode.c.objc; path = main.m; sourceTree = "<group>"; };
		C0B5ACB81DD17C5C00596FE1 /* AppDelegate.h */ = {isa = PBXFileReference; lastKnownFileType = sourcecode.c.h; path = AppDelegate.h; sourceTree = "<group>"; };
		C0B5ACB91DD17C5C00596FE1 /* AppDelegate.m */ = {isa = PBXFileReference; lastKnownFileType = sourcecode.c.objc; path = AppDelegate.m; sourceTree = "<group>"; };
		C0B5ACBB1DD17C5C00596FE1 /* ViewController.h */ = {isa = PBXFileReference; lastKnownFileType = sourcecode.c.h; path = ViewController.h; sourceTree = "<group>"; };
		C0B5ACBC1DD17C5C00596FE1 /* ViewController.m */ = {isa = PBXFileReference; lastKnownFileType = sourcecode.c.objc; path = ViewController.m; sourceTree = "<group>"; };
		C0B5ACBF1DD17C5C00596FE1 /* Base */ = {isa = PBXFileReference; lastKnownFileType = file.storyboard; name = Base; path = Base.lproj/Main.storyboard; sourceTree = "<group>"; };
		C0B5ACC11DD17C5C00596FE1 /* Assets.xcassets */ = {isa = PBXFileReference; lastKnownFileType = folder.assetcatalog; path = Assets.xcassets; sourceTree = "<group>"; };
		C0B5ACC41DD17C5C00596FE1 /* Base */ = {isa = PBXFileReference; lastKnownFileType = file.storyboard; name = Base; path = Base.lproj/LaunchScreen.storyboard; sourceTree = "<group>"; };
		C0B5ACC61DD17C5C00596FE1 /* Info.plist */ = {isa = PBXFileReference; lastKnownFileType = text.plist.xml; path = Info.plist; sourceTree = "<group>"; };
		C0B5ACCB1DD17C5C00596FE1 /* VSPNOATests.xctest */ = {isa = PBXFileReference; explicitFileType = wrapper.cfbundle; includeInIndex = 0; path = VSPNOATests.xctest; sourceTree = BUILT_PRODUCTS_DIR; };
		C0B5ACCF1DD17C5C00596FE1 /* VSPNOATests.m */ = {isa = PBXFileReference; lastKnownFileType = sourcecode.c.objc; path = VSPNOATests.m; sourceTree = "<group>"; };
		C0B5ACD11DD17C5C00596FE1 /* Info.plist */ = {isa = PBXFileReference; lastKnownFileType = text.plist.xml; path = Info.plist; sourceTree = "<group>"; };
		C0B5ACD61DD17C5C00596FE1 /* VSPNOAUITests.xctest */ = {isa = PBXFileReference; explicitFileType = wrapper.cfbundle; includeInIndex = 0; path = VSPNOAUITests.xctest; sourceTree = BUILT_PRODUCTS_DIR; };
		C0B5ACDA1DD17C5C00596FE1 /* VSPNOAUITests.m */ = {isa = PBXFileReference; lastKnownFileType = sourcecode.c.objc; path = VSPNOAUITests.m; sourceTree = "<group>"; };
		C0B5ACDC1DD17C5C00596FE1 /* Info.plist */ = {isa = PBXFileReference; lastKnownFileType = text.plist.xml; path = Info.plist; sourceTree = "<group>"; };
/* End PBXFileReference section */

/* Begin PBXFrameworksBuildPhase section */
		C0B5ACAF1DD17C5C00596FE1 /* Frameworks */ = {
			isa = PBXFrameworksBuildPhase;
			buildActionMask = 2147483647;
			files = (
			);
			runOnlyForDeploymentPostprocessing = 0;
		};
		C0B5ACC81DD17C5C00596FE1 /* Frameworks */ = {
			isa = PBXFrameworksBuildPhase;
			buildActionMask = 2147483647;
			files = (
			);
			runOnlyForDeploymentPostprocessing = 0;
		};
		C0B5ACD31DD17C5C00596FE1 /* Frameworks */ = {
			isa = PBXFrameworksBuildPhase;
			buildActionMask = 2147483647;
			files = (
			);
			runOnlyForDeploymentPostprocessing = 0;
		};
/* End PBXFrameworksBuildPhase section */

/* Begin PBXGroup section */
		002E0C901DD415D6002E19E6 /* AFNetworking */ = {
			isa = PBXGroup;
			children = (
				002E0C911DD415D6002E19E6 /* AFHTTPRequestOperation.h */,
				002E0C921DD415D6002E19E6 /* AFHTTPRequestOperation.m */,
				002E0C931DD415D6002E19E6 /* AFHTTPRequestOperationManager.h */,
				002E0C941DD415D6002E19E6 /* AFHTTPRequestOperationManager.m */,
				002E0C951DD415D6002E19E6 /* AFHTTPSessionManager.h */,
				002E0C961DD415D6002E19E6 /* AFHTTPSessionManager.m */,
				002E0C971DD415D6002E19E6 /* AFNetworking.h */,
				002E0C981DD415D6002E19E6 /* AFNetworkReachabilityManager.h */,
				002E0C991DD415D6002E19E6 /* AFNetworkReachabilityManager.m */,
				002E0C9A1DD415D6002E19E6 /* AFSecurityPolicy.h */,
				002E0C9B1DD415D6002E19E6 /* AFSecurityPolicy.m */,
				002E0C9C1DD415D6002E19E6 /* AFURLConnectionOperation.h */,
				002E0C9D1DD415D6002E19E6 /* AFURLConnectionOperation.m */,
				002E0C9E1DD415D6002E19E6 /* AFURLRequestSerialization.h */,
				002E0C9F1DD415D6002E19E6 /* AFURLRequestSerialization.m */,
				002E0CA01DD415D6002E19E6 /* AFURLResponseSerialization.h */,
				002E0CA11DD415D6002E19E6 /* AFURLResponseSerialization.m */,
				002E0CA21DD415D6002E19E6 /* AFURLSessionManager.h */,
				002E0CA31DD415D6002E19E6 /* AFURLSessionManager.m */,
			);
			path = AFNetworking;
			sourceTree = "<group>";
		};
		002E0CAD1DD415E4002E19E6 /* MJExtension */ = {
			isa = PBXGroup;
			children = (
				002E0CAE1DD415E4002E19E6 /* MJExtension.h */,
				002E0CAF1DD415E4002E19E6 /* MJExtensionConst.h */,
				002E0CB01DD415E4002E19E6 /* MJExtensionConst.m */,
				002E0CB11DD415E4002E19E6 /* MJFoundation.h */,
				002E0CB21DD415E4002E19E6 /* MJFoundation.m */,
				002E0CB31DD415E4002E19E6 /* MJProperty.h */,
				002E0CB41DD415E4002E19E6 /* MJProperty.m */,
				002E0CB51DD415E4002E19E6 /* MJPropertyKey.h */,
				002E0CB61DD415E4002E19E6 /* MJPropertyKey.m */,
				002E0CB71DD415E4002E19E6 /* MJPropertyType.h */,
				002E0CB81DD415E4002E19E6 /* MJPropertyType.m */,
				002E0CB91DD415E4002E19E6 /* NSObject+MJClass.h */,
				002E0CBA1DD415E4002E19E6 /* NSObject+MJClass.m */,
				002E0CBB1DD415E4002E19E6 /* NSObject+MJCoding.h */,
				002E0CBC1DD415E4002E19E6 /* NSObject+MJCoding.m */,
				002E0CBD1DD415E4002E19E6 /* NSObject+MJKeyValue.h */,
				002E0CBE1DD415E4002E19E6 /* NSObject+MJKeyValue.m */,
				002E0CBF1DD415E4002E19E6 /* NSObject+MJProperty.h */,
				002E0CC01DD415E4002E19E6 /* NSObject+MJProperty.m */,
				002E0CC11DD415E4002E19E6 /* NSString+MJExtension.h */,
				002E0CC21DD415E4002E19E6 /* NSString+MJExtension.m */,
			);
			path = MJExtension;
			sourceTree = "<group>";
		};
		002E0CCD1DD41601002E19E6 /* fmdb */ = {
			isa = PBXGroup;
			children = (
				002E0CCE1DD41601002E19E6 /* FMDatabase.h */,
				002E0CCF1DD41601002E19E6 /* FMDatabase.m */,
				002E0CD01DD41601002E19E6 /* FMDatabaseAdditions.h */,
				002E0CD11DD41601002E19E6 /* FMDatabaseAdditions.m */,
				002E0CD21DD41601002E19E6 /* FMDatabasePool.h */,
				002E0CD31DD41601002E19E6 /* FMDatabasePool.m */,
				002E0CD41DD41601002E19E6 /* FMDatabaseQueue.h */,
				002E0CD51DD41601002E19E6 /* FMDatabaseQueue.m */,
				002E0CD61DD41601002E19E6 /* FMDB.h */,
				002E0CD71DD41601002E19E6 /* FMResultSet.h */,
				002E0CD81DD41601002E19E6 /* FMResultSet.m */,
				002E0CD91DD41601002E19E6 /* Info.plist */,
			);
			path = fmdb;
			sourceTree = "<group>";
		};
		002E0CDA1DD41601002E19E6 /* MJRefresh */ = {
			isa = PBXGroup;
			children = (
				002E0CDB1DD41601002E19E6 /* Base */,
				002E0CE61DD41601002E19E6 /* Custom */,
				002E0CFD1DD41601002E19E6 /* MJRefresh.bundle */,
				002E0CFE1DD41601002E19E6 /* MJRefresh.h */,
				002E0CFF1DD41601002E19E6 /* MJRefreshConst.h */,
				002E0D001DD41601002E19E6 /* MJRefreshConst.m */,
				002E0D011DD41601002E19E6 /* NSBundle+MJRefresh.h */,
				002E0D021DD41601002E19E6 /* NSBundle+MJRefresh.m */,
				002E0D031DD41601002E19E6 /* UIScrollView+MJExtension.h */,
				002E0D041DD41601002E19E6 /* UIScrollView+MJExtension.m */,
				002E0D051DD41601002E19E6 /* UIScrollView+MJRefresh.h */,
				002E0D061DD41601002E19E6 /* UIScrollView+MJRefresh.m */,
				002E0D071DD41601002E19E6 /* UIView+MJExtension.h */,
				002E0D081DD41601002E19E6 /* UIView+MJExtension.m */,
			);
			path = MJRefresh;
			sourceTree = "<group>";
		};
		002E0CDB1DD41601002E19E6 /* Base */ = {
			isa = PBXGroup;
			children = (
				002E0CDC1DD41601002E19E6 /* MJRefreshAutoFooter.h */,
				002E0CDD1DD41601002E19E6 /* MJRefreshAutoFooter.m */,
				002E0CDE1DD41601002E19E6 /* MJRefreshBackFooter.h */,
				002E0CDF1DD41601002E19E6 /* MJRefreshBackFooter.m */,
				002E0CE01DD41601002E19E6 /* MJRefreshComponent.h */,
				002E0CE11DD41601002E19E6 /* MJRefreshComponent.m */,
				002E0CE21DD41601002E19E6 /* MJRefreshFooter.h */,
				002E0CE31DD41601002E19E6 /* MJRefreshFooter.m */,
				002E0CE41DD41601002E19E6 /* MJRefreshHeader.h */,
				002E0CE51DD41601002E19E6 /* MJRefreshHeader.m */,
			);
			path = Base;
			sourceTree = "<group>";
		};
		002E0CE61DD41601002E19E6 /* Custom */ = {
			isa = PBXGroup;
			children = (
				002E0CE71DD41601002E19E6 /* Footer */,
				002E0CF61DD41601002E19E6 /* Header */,
			);
			path = Custom;
			sourceTree = "<group>";
		};
		002E0CE71DD41601002E19E6 /* Footer */ = {
			isa = PBXGroup;
			children = (
				002E0CE81DD41601002E19E6 /* Auto */,
				002E0CEF1DD41601002E19E6 /* Back */,
			);
			path = Footer;
			sourceTree = "<group>";
		};
		002E0CE81DD41601002E19E6 /* Auto */ = {
			isa = PBXGroup;
			children = (
				002E0CE91DD41601002E19E6 /* MJRefreshAutoGifFooter.h */,
				002E0CEA1DD41601002E19E6 /* MJRefreshAutoGifFooter.m */,
				002E0CEB1DD41601002E19E6 /* MJRefreshAutoNormalFooter.h */,
				002E0CEC1DD41601002E19E6 /* MJRefreshAutoNormalFooter.m */,
				002E0CED1DD41601002E19E6 /* MJRefreshAutoStateFooter.h */,
				002E0CEE1DD41601002E19E6 /* MJRefreshAutoStateFooter.m */,
			);
			path = Auto;
			sourceTree = "<group>";
		};
		002E0CEF1DD41601002E19E6 /* Back */ = {
			isa = PBXGroup;
			children = (
				002E0CF01DD41601002E19E6 /* MJRefreshBackGifFooter.h */,
				002E0CF11DD41601002E19E6 /* MJRefreshBackGifFooter.m */,
				002E0CF21DD41601002E19E6 /* MJRefreshBackNormalFooter.h */,
				002E0CF31DD41601002E19E6 /* MJRefreshBackNormalFooter.m */,
				002E0CF41DD41601002E19E6 /* MJRefreshBackStateFooter.h */,
				002E0CF51DD41601002E19E6 /* MJRefreshBackStateFooter.m */,
			);
			path = Back;
			sourceTree = "<group>";
		};
		002E0CF61DD41601002E19E6 /* Header */ = {
			isa = PBXGroup;
			children = (
				002E0CF71DD41601002E19E6 /* MJRefreshGifHeader.h */,
				002E0CF81DD41601002E19E6 /* MJRefreshGifHeader.m */,
				002E0CF91DD41601002E19E6 /* MJRefreshNormalHeader.h */,
				002E0CFA1DD41601002E19E6 /* MJRefreshNormalHeader.m */,
				002E0CFB1DD41601002E19E6 /* MJRefreshStateHeader.h */,
				002E0CFC1DD41601002E19E6 /* MJRefreshStateHeader.m */,
			);
			path = Header;
			sourceTree = "<group>";
		};
		C00904AD1DD32A73008C05FB /* 项目 */ = {
			isa = PBXGroup;
			children = (
				00BA82BA1DD2BA62001DEADD /* ProjectManagerTableViewCell.h */,
				00BA82BB1DD2BA62001DEADD /* ProjectManagerTableViewCell.m */,
				00BA82BC1DD2BA62001DEADD /* ProjectManagerTableViewCell.xib */,
			);
			path = "项目";
			sourceTree = "<group>";
		};
		C00904AE1DD32A79008C05FB /* 审批 */ = {
			isa = PBXGroup;
			children = (
				C017FBC21DD1D38E00155B52 /* ApprovalTableViewCell.h */,
				C017FBC31DD1D38E00155B52 /* ApprovalTableViewCell.m */,
				C017FBC41DD1D38E00155B52 /* ApprovalTableViewCell.xib */,
			);
			path = "审批";
			sourceTree = "<group>";
		};
		C00904AF1DD32A7C008C05FB /* 凭证详情 */ = {
			isa = PBXGroup;
			children = (
				C00904B91DD32F25008C05FB /* 审批信息 */,
				C00904B81DD32F15008C05FB /* 财务科目 */,
				C00904B71DD32F12008C05FB /* 付款信息 */,
				C00904B61DD32F0F008C05FB /* 财务信息 */,
				C00904B51DD32E7A008C05FB /* 费用信息 */,
			);
			path = "凭证详情";
			sourceTree = "<group>";
		};
		C00904B51DD32E7A008C05FB /* 费用信息 */ = {
			isa = PBXGroup;
			children = (
				C00904B01DD32B52008C05FB /* CertificateOutlayCell.h */,
				C00904B11DD32B52008C05FB /* CertificateOutlayCell.m */,
				C00904B21DD32B52008C05FB /* CertificateOutlayCell.xib */,
			);
			name = "费用信息";
			sourceTree = "<group>";
		};
		C00904B61DD32F0F008C05FB /* 财务信息 */ = {
			isa = PBXGroup;
			children = (
			);
			name = "财务信息";
			sourceTree = "<group>";
		};
		C00904B71DD32F12008C05FB /* 付款信息 */ = {
			isa = PBXGroup;
			children = (
			);
			name = "付款信息";
			sourceTree = "<group>";
		};
		C00904B81DD32F15008C05FB /* 财务科目 */ = {
			isa = PBXGroup;
			children = (
			);
			name = "财务科目";
			sourceTree = "<group>";
		};
		C00904B91DD32F25008C05FB /* 审批信息 */ = {
			isa = PBXGroup;
			children = (
				C00904BA1DD32FA2008C05FB /* ApprovalInfoCell.h */,
				C00904BB1DD32FA2008C05FB /* ApprovalInfoCell.m */,
				C00904BC1DD32FA2008C05FB /* ApprovalInfoCell.xib */,
			);
			name = "审批信息";
			sourceTree = "<group>";
		};
		C017FBB41DD1CA1000155B52 /* Import */ = {
			isa = PBXGroup;
			children = (
				002E0CCD1DD41601002E19E6 /* fmdb */,
				002E0CDA1DD41601002E19E6 /* MJRefresh */,
				002E0CAD1DD415E4002E19E6 /* MJExtension */,
				002E0C901DD415D6002E19E6 /* AFNetworking */,
			);
			path = Import;
			sourceTree = "<group>";
		};
		C017FBB91DD1CAD100155B52 /* HttpRequest */ = {
			isa = PBXGroup;
			children = (
				C017FBBA1DD1CB0500155B52 /* HttpRequest.h */,
				C017FBBB1DD1CB0500155B52 /* HttpRequest.m */,
			);
			path = HttpRequest;
			sourceTree = "<group>";
		};
		C017FBC11DD1D26600155B52 /* 自定义cell */ = {
			isa = PBXGroup;
			children = (
				C00904AF1DD32A7C008C05FB /* 凭证详情 */,
				C00904AE1DD32A79008C05FB /* 审批 */,
				C00904AD1DD32A73008C05FB /* 项目 */,
			);
			path = "自定义cell";
			sourceTree = "<group>";
		};
		C0B5ACA91DD17C5C00596FE1 = {
			isa = PBXGroup;
			children = (
				C0B5ACB41DD17C5C00596FE1 /* VSPNOA */,
				C0B5ACCE1DD17C5C00596FE1 /* VSPNOATests */,
				C0B5ACD91DD17C5C00596FE1 /* VSPNOAUITests */,
				C0B5ACB31DD17C5C00596FE1 /* Products */,
			);
			sourceTree = "<group>";
		};
		C0B5ACB31DD17C5C00596FE1 /* Products */ = {
			isa = PBXGroup;
			children = (
				C0B5ACB21DD17C5C00596FE1 /* VSPNOA.app */,
				C0B5ACCB1DD17C5C00596FE1 /* VSPNOATests.xctest */,
				C0B5ACD61DD17C5C00596FE1 /* VSPNOAUITests.xctest */,
			);
			name = Products;
			sourceTree = "<group>";
		};
		C0B5ACB41DD17C5C00596FE1 /* VSPNOA */ = {
			isa = PBXGroup;
			children = (
				C017FBC11DD1D26600155B52 /* 自定义cell */,
				C017FBB91DD1CAD100155B52 /* HttpRequest */,
				C017FBB41DD1CA1000155B52 /* Import */,
				C0B5ACE81DD17EF100596FE1 /* 自定义view */,
				C0B5ACB81DD17C5C00596FE1 /* AppDelegate.h */,
				C0B5ACB91DD17C5C00596FE1 /* AppDelegate.m */,
				C0B5ACBB1DD17C5C00596FE1 /* ViewController.h */,
				C0B5ACBC1DD17C5C00596FE1 /* ViewController.m */,
				C0B5ACBE1DD17C5C00596FE1 /* Main.storyboard */,
				C0B5ACC11DD17C5C00596FE1 /* Assets.xcassets */,
				C0B5ACC31DD17C5C00596FE1 /* LaunchScreen.storyboard */,
				C0B5ACC61DD17C5C00596FE1 /* Info.plist */,
				C0B5ACB51DD17C5C00596FE1 /* Supporting Files */,
			);
			path = VSPNOA;
			sourceTree = "<group>";
		};
		C0B5ACB51DD17C5C00596FE1 /* Supporting Files */ = {
			isa = PBXGroup;
			children = (
				C0B5ACB61DD17C5C00596FE1 /* main.m */,
			);
			name = "Supporting Files";
			sourceTree = "<group>";
		};
		C0B5ACCE1DD17C5C00596FE1 /* VSPNOATests */ = {
			isa = PBXGroup;
			children = (
				C0B5ACCF1DD17C5C00596FE1 /* VSPNOATests.m */,
				C0B5ACD11DD17C5C00596FE1 /* Info.plist */,
			);
			path = VSPNOATests;
			sourceTree = "<group>";
		};
		C0B5ACD91DD17C5C00596FE1 /* VSPNOAUITests */ = {
			isa = PBXGroup;
			children = (
				C0B5ACDA1DD17C5C00596FE1 /* VSPNOAUITests.m */,
				C0B5ACDC1DD17C5C00596FE1 /* Info.plist */,
			);
			path = VSPNOAUITests;
			sourceTree = "<group>";
		};
		C0B5ACE81DD17EF100596FE1 /* 自定义view */ = {
			isa = PBXGroup;
			children = (
				C0B5ACE91DD17F1700596FE1 /* MyTableView */,
			);
			path = "自定义view";
			sourceTree = "<group>";
		};
		C0B5ACE91DD17F1700596FE1 /* MyTableView */ = {
			isa = PBXGroup;
			children = (
				C017FBB11DD1C8AA00155B52 /* MyTableView.h */,
				C017FBB21DD1C8AA00155B52 /* MyTableView.m */,
			);
			path = MyTableView;
			sourceTree = "<group>";
		};
/* End PBXGroup section */

/* Begin PBXNativeTarget section */
		C0B5ACB11DD17C5C00596FE1 /* VSPNOA */ = {
			isa = PBXNativeTarget;
			buildConfigurationList = C0B5ACDF1DD17C5C00596FE1 /* Build configuration list for PBXNativeTarget "VSPNOA" */;
			buildPhases = (
				C0B5ACAE1DD17C5C00596FE1 /* Sources */,
				C0B5ACAF1DD17C5C00596FE1 /* Frameworks */,
				C0B5ACB01DD17C5C00596FE1 /* Resources */,
			);
			buildRules = (
			);
			dependencies = (
			);
			name = VSPNOA;
			productName = VSPNOA;
			productReference = C0B5ACB21DD17C5C00596FE1 /* VSPNOA.app */;
			productType = "com.apple.product-type.application";
		};
		C0B5ACCA1DD17C5C00596FE1 /* VSPNOATests */ = {
			isa = PBXNativeTarget;
			buildConfigurationList = C0B5ACE21DD17C5C00596FE1 /* Build configuration list for PBXNativeTarget "VSPNOATests" */;
			buildPhases = (
				C0B5ACC71DD17C5C00596FE1 /* Sources */,
				C0B5ACC81DD17C5C00596FE1 /* Frameworks */,
				C0B5ACC91DD17C5C00596FE1 /* Resources */,
			);
			buildRules = (
			);
			dependencies = (
				C0B5ACCD1DD17C5C00596FE1 /* PBXTargetDependency */,
			);
			name = VSPNOATests;
			productName = VSPNOATests;
			productReference = C0B5ACCB1DD17C5C00596FE1 /* VSPNOATests.xctest */;
			productType = "com.apple.product-type.bundle.unit-test";
		};
		C0B5ACD51DD17C5C00596FE1 /* VSPNOAUITests */ = {
			isa = PBXNativeTarget;
			buildConfigurationList = C0B5ACE51DD17C5C00596FE1 /* Build configuration list for PBXNativeTarget "VSPNOAUITests" */;
			buildPhases = (
				C0B5ACD21DD17C5C00596FE1 /* Sources */,
				C0B5ACD31DD17C5C00596FE1 /* Frameworks */,
				C0B5ACD41DD17C5C00596FE1 /* Resources */,
			);
			buildRules = (
			);
			dependencies = (
				C0B5ACD81DD17C5C00596FE1 /* PBXTargetDependency */,
			);
			name = VSPNOAUITests;
			productName = VSPNOAUITests;
			productReference = C0B5ACD61DD17C5C00596FE1 /* VSPNOAUITests.xctest */;
			productType = "com.apple.product-type.bundle.ui-testing";
		};
/* End PBXNativeTarget section */

/* Begin PBXProject section */
		C0B5ACAA1DD17C5C00596FE1 /* Project object */ = {
			isa = PBXProject;
			attributes = {
				LastUpgradeCheck = 0800;
				ORGANIZATIONNAME = VSPN;
				TargetAttributes = {
					C0B5ACB11DD17C5C00596FE1 = {
						CreatedOnToolsVersion = 8.0;
						DevelopmentTeam = UK2GY2YU7T;
						ProvisioningStyle = Automatic;
					};
					C0B5ACCA1DD17C5C00596FE1 = {
						CreatedOnToolsVersion = 8.0;
						DevelopmentTeam = UK2GY2YU7T;
						ProvisioningStyle = Automatic;
						TestTargetID = C0B5ACB11DD17C5C00596FE1;
					};
					C0B5ACD51DD17C5C00596FE1 = {
						CreatedOnToolsVersion = 8.0;
						DevelopmentTeam = UK2GY2YU7T;
						ProvisioningStyle = Automatic;
						TestTargetID = C0B5ACB11DD17C5C00596FE1;
					};
				};
			};
			buildConfigurationList = C0B5ACAD1DD17C5C00596FE1 /* Build configuration list for PBXProject "VSPNOA" */;
			compatibilityVersion = "Xcode 3.2";
			developmentRegion = English;
			hasScannedForEncodings = 0;
			knownRegions = (
				en,
				Base,
			);
			mainGroup = C0B5ACA91DD17C5C00596FE1;
			productRefGroup = C0B5ACB31DD17C5C00596FE1 /* Products */;
			projectDirPath = "";
			projectRoot = "";
			targets = (
				C0B5ACB11DD17C5C00596FE1 /* VSPNOA */,
				C0B5ACCA1DD17C5C00596FE1 /* VSPNOATests */,
				C0B5ACD51DD17C5C00596FE1 /* VSPNOAUITests */,
			);
		};
/* End PBXProject section */

/* Begin PBXResourcesBuildPhase section */
		C0B5ACB01DD17C5C00596FE1 /* Resources */ = {
			isa = PBXResourcesBuildPhase;
			buildActionMask = 2147483647;
			files = (
				002E0D0E1DD41601002E19E6 /* Info.plist in Resources */,
				C017FBC61DD1D38E00155B52 /* ApprovalTableViewCell.xib in Resources */,
				00BA82BE1DD2BA62001DEADD /* ProjectManagerTableViewCell.xib in Resources */,
				C0B5ACC51DD17C5C00596FE1 /* LaunchScreen.storyboard in Resources */,
				C00904BE1DD32FA2008C05FB /* ApprovalInfoCell.xib in Resources */,
				C00904B41DD32B52008C05FB /* CertificateOutlayCell.xib in Resources */,
				C0B5ACC21DD17C5C00596FE1 /* Assets.xcassets in Resources */,
				C0B5ACC01DD17C5C00596FE1 /* Main.storyboard in Resources */,
				002E0D1D1DD41601002E19E6 /* MJRefresh.bundle in Resources */,
			);
			runOnlyForDeploymentPostprocessing = 0;
		};
		C0B5ACC91DD17C5C00596FE1 /* Resources */ = {
			isa = PBXResourcesBuildPhase;
			buildActionMask = 2147483647;
			files = (
			);
			runOnlyForDeploymentPostprocessing = 0;
		};
		C0B5ACD41DD17C5C00596FE1 /* Resources */ = {
			isa = PBXResourcesBuildPhase;
			buildActionMask = 2147483647;
			files = (
			);
			runOnlyForDeploymentPostprocessing = 0;
		};
/* End PBXResourcesBuildPhase section */

/* Begin PBXSourcesBuildPhase section */
		C0B5ACAE1DD17C5C00596FE1 /* Sources */ = {
			isa = PBXSourcesBuildPhase;
			buildActionMask = 2147483647;
			files = (
				002E0CA81DD415D6002E19E6 /* AFSecurityPolicy.m in Sources */,
				002E0D1F1DD41601002E19E6 /* NSBundle+MJRefresh.m in Sources */,
				002E0CC61DD415E4002E19E6 /* MJPropertyKey.m in Sources */,
				002E0CCA1DD415E4002E19E6 /* NSObject+MJKeyValue.m in Sources */,
				002E0D201DD41601002E19E6 /* UIScrollView+MJExtension.m in Sources */,
				C00904BD1DD32FA2008C05FB /* ApprovalInfoCell.m in Sources */,
				002E0D141DD41601002E19E6 /* MJRefreshAutoGifFooter.m in Sources */,
				002E0CA71DD415D6002E19E6 /* AFNetworkReachabilityManager.m in Sources */,
				002E0CC41DD415E4002E19E6 /* MJFoundation.m in Sources */,
				002E0D171DD41601002E19E6 /* MJRefreshBackGifFooter.m in Sources */,
				002E0D1E1DD41601002E19E6 /* MJRefreshConst.m in Sources */,
				C0B5ACBD1DD17C5C00596FE1 /* ViewController.m in Sources */,
				002E0CA91DD415D6002E19E6 /* AFURLConnectionOperation.m in Sources */,
				002E0D091DD41601002E19E6 /* FMDatabase.m in Sources */,
				002E0CA41DD415D6002E19E6 /* AFHTTPRequestOperation.m in Sources */,
				002E0D191DD41601002E19E6 /* MJRefreshBackStateFooter.m in Sources */,
				002E0D1C1DD41601002E19E6 /* MJRefreshStateHeader.m in Sources */,
				002E0CA61DD415D6002E19E6 /* AFHTTPSessionManager.m in Sources */,
				002E0CAA1DD415D6002E19E6 /* AFURLRequestSerialization.m in Sources */,
				C017FBB31DD1C8AA00155B52 /* MyTableView.m in Sources */,
				002E0CAC1DD415D6002E19E6 /* AFURLSessionManager.m in Sources */,
				002E0D0B1DD41601002E19E6 /* FMDatabasePool.m in Sources */,
				002E0D131DD41601002E19E6 /* MJRefreshHeader.m in Sources */,
				002E0CC31DD415E4002E19E6 /* MJExtensionConst.m in Sources */,
				002E0D0F1DD41601002E19E6 /* MJRefreshAutoFooter.m in Sources */,
				002E0D121DD41601002E19E6 /* MJRefreshFooter.m in Sources */,
				C0B5ACBA1DD17C5C00596FE1 /* AppDelegate.m in Sources */,
				002E0D151DD41601002E19E6 /* MJRefreshAutoNormalFooter.m in Sources */,
				002E0CC91DD415E4002E19E6 /* NSObject+MJCoding.m in Sources */,
				002E0CA51DD415D6002E19E6 /* AFHTTPRequestOperationManager.m in Sources */,
				C00904B31DD32B52008C05FB /* CertificateOutlayCell.m in Sources */,
				002E0CAB1DD415D6002E19E6 /* AFURLResponseSerialization.m in Sources */,
				002E0D181DD41601002E19E6 /* MJRefreshBackNormalFooter.m in Sources */,
				002E0CCB1DD415E4002E19E6 /* NSObject+MJProperty.m in Sources */,
				002E0D1B1DD41601002E19E6 /* MJRefreshNormalHeader.m in Sources */,
				002E0D221DD41601002E19E6 /* UIView+MJExtension.m in Sources */,
				002E0CC51DD415E4002E19E6 /* MJProperty.m in Sources */,
				C017FBBC1DD1CB0500155B52 /* HttpRequest.m in Sources */,
				C017FBC51DD1D38E00155B52 /* ApprovalTableViewCell.m in Sources */,
				002E0D1A1DD41601002E19E6 /* MJRefreshGifHeader.m in Sources */,
				002E0D0C1DD41601002E19E6 /* FMDatabaseQueue.m in Sources */,
				C0B5ACB71DD17C5C00596FE1 /* main.m in Sources */,
				002E0D101DD41601002E19E6 /* MJRefreshBackFooter.m in Sources */,
				002E0CCC1DD415E4002E19E6 /* NSString+MJExtension.m in Sources */,
				002E0CC81DD415E4002E19E6 /* NSObject+MJClass.m in Sources */,
				002E0D211DD41601002E19E6 /* UIScrollView+MJRefresh.m in Sources */,
				002E0CC71DD415E4002E19E6 /* MJPropertyType.m in Sources */,
				002E0D111DD41601002E19E6 /* MJRefreshComponent.m in Sources */,
				002E0D161DD41601002E19E6 /* MJRefreshAutoStateFooter.m in Sources */,
				002E0D0D1DD41601002E19E6 /* FMResultSet.m in Sources */,
				00BA82BD1DD2BA62001DEADD /* ProjectManagerTableViewCell.m in Sources */,
				002E0D0A1DD41601002E19E6 /* FMDatabaseAdditions.m in Sources */,
			);
			runOnlyForDeploymentPostprocessing = 0;
		};
		C0B5ACC71DD17C5C00596FE1 /* Sources */ = {
			isa = PBXSourcesBuildPhase;
			buildActionMask = 2147483647;
			files = (
				C0B5ACD01DD17C5C00596FE1 /* VSPNOATests.m in Sources */,
			);
			runOnlyForDeploymentPostprocessing = 0;
		};
		C0B5ACD21DD17C5C00596FE1 /* Sources */ = {
			isa = PBXSourcesBuildPhase;
			buildActionMask = 2147483647;
			files = (
				C0B5ACDB1DD17C5C00596FE1 /* VSPNOAUITests.m in Sources */,
			);
			runOnlyForDeploymentPostprocessing = 0;
		};
/* End PBXSourcesBuildPhase section */

/* Begin PBXTargetDependency section */
		C0B5ACCD1DD17C5C00596FE1 /* PBXTargetDependency */ = {
			isa = PBXTargetDependency;
			target = C0B5ACB11DD17C5C00596FE1 /* VSPNOA */;
			targetProxy = C0B5ACCC1DD17C5C00596FE1 /* PBXContainerItemProxy */;
		};
		C0B5ACD81DD17C5C00596FE1 /* PBXTargetDependency */ = {
			isa = PBXTargetDependency;
			target = C0B5ACB11DD17C5C00596FE1 /* VSPNOA */;
			targetProxy = C0B5ACD71DD17C5C00596FE1 /* PBXContainerItemProxy */;
		};
/* End PBXTargetDependency section */

/* Begin PBXVariantGroup section */
		C0B5ACBE1DD17C5C00596FE1 /* Main.storyboard */ = {
			isa = PBXVariantGroup;
			children = (
				C0B5ACBF1DD17C5C00596FE1 /* Base */,
			);
			name = Main.storyboard;
			sourceTree = "<group>";
		};
		C0B5ACC31DD17C5C00596FE1 /* LaunchScreen.storyboard */ = {
			isa = PBXVariantGroup;
			children = (
				C0B5ACC41DD17C5C00596FE1 /* Base */,
			);
			name = LaunchScreen.storyboard;
			sourceTree = "<group>";
		};
/* End PBXVariantGroup section */

/* Begin XCBuildConfiguration section */
		C0B5ACDD1DD17C5C00596FE1 /* Debug */ = {
			isa = XCBuildConfiguration;
			buildSettings = {
				ALWAYS_SEARCH_USER_PATHS = NO;
				CLANG_ANALYZER_NONNULL = YES;
				CLANG_CXX_LANGUAGE_STANDARD = "gnu++0x";
				CLANG_CXX_LIBRARY = "libc++";
				CLANG_ENABLE_MODULES = YES;
				CLANG_ENABLE_OBJC_ARC = YES;
				CLANG_WARN_BOOL_CONVERSION = YES;
				CLANG_WARN_CONSTANT_CONVERSION = YES;
				CLANG_WARN_DIRECT_OBJC_ISA_USAGE = YES_ERROR;
				CLANG_WARN_DOCUMENTATION_COMMENTS = YES;
				CLANG_WARN_EMPTY_BODY = YES;
				CLANG_WARN_ENUM_CONVERSION = YES;
				CLANG_WARN_INFINITE_RECURSION = YES;
				CLANG_WARN_INT_CONVERSION = YES;
				CLANG_WARN_OBJC_ROOT_CLASS = YES_ERROR;
				CLANG_WARN_SUSPICIOUS_MOVES = YES;
				CLANG_WARN_UNREACHABLE_CODE = YES;
				CLANG_WARN__DUPLICATE_METHOD_MATCH = YES;
				"CODE_SIGN_IDENTITY[sdk=iphoneos*]" = "iPhone Developer";
				COPY_PHASE_STRIP = NO;
				DEBUG_INFORMATION_FORMAT = dwarf;
				ENABLE_STRICT_OBJC_MSGSEND = YES;
				ENABLE_TESTABILITY = YES;
				GCC_C_LANGUAGE_STANDARD = gnu99;
				GCC_DYNAMIC_NO_PIC = NO;
				GCC_NO_COMMON_BLOCKS = YES;
				GCC_OPTIMIZATION_LEVEL = 0;
				GCC_PREPROCESSOR_DEFINITIONS = (
					"DEBUG=1",
					"$(inherited)",
				);
				GCC_WARN_64_TO_32_BIT_CONVERSION = YES;
				GCC_WARN_ABOUT_RETURN_TYPE = YES_ERROR;
				GCC_WARN_UNDECLARED_SELECTOR = YES;
				GCC_WARN_UNINITIALIZED_AUTOS = YES_AGGRESSIVE;
				GCC_WARN_UNUSED_FUNCTION = YES;
				GCC_WARN_UNUSED_VARIABLE = YES;
				IPHONEOS_DEPLOYMENT_TARGET = 10.0;
				MTL_ENABLE_DEBUG_INFO = YES;
				ONLY_ACTIVE_ARCH = YES;
				SDKROOT = iphoneos;
				TARGETED_DEVICE_FAMILY = "1,2";
			};
			name = Debug;
		};
		C0B5ACDE1DD17C5C00596FE1 /* Release */ = {
			isa = XCBuildConfiguration;
			buildSettings = {
				ALWAYS_SEARCH_USER_PATHS = NO;
				CLANG_ANALYZER_NONNULL = YES;
				CLANG_CXX_LANGUAGE_STANDARD = "gnu++0x";
				CLANG_CXX_LIBRARY = "libc++";
				CLANG_ENABLE_MODULES = YES;
				CLANG_ENABLE_OBJC_ARC = YES;
				CLANG_WARN_BOOL_CONVERSION = YES;
				CLANG_WARN_CONSTANT_CONVERSION = YES;
				CLANG_WARN_DIRECT_OBJC_ISA_USAGE = YES_ERROR;
				CLANG_WARN_DOCUMENTATION_COMMENTS = YES;
				CLANG_WARN_EMPTY_BODY = YES;
				CLANG_WARN_ENUM_CONVERSION = YES;
				CLANG_WARN_INFINITE_RECURSION = YES;
				CLANG_WARN_INT_CONVERSION = YES;
				CLANG_WARN_OBJC_ROOT_CLASS = YES_ERROR;
				CLANG_WARN_SUSPICIOUS_MOVES = YES;
				CLANG_WARN_UNREACHABLE_CODE = YES;
				CLANG_WARN__DUPLICATE_METHOD_MATCH = YES;
				"CODE_SIGN_IDENTITY[sdk=iphoneos*]" = "iPhone Developer";
				COPY_PHASE_STRIP = NO;
				DEBUG_INFORMATION_FORMAT = "dwarf-with-dsym";
				ENABLE_NS_ASSERTIONS = NO;
				ENABLE_STRICT_OBJC_MSGSEND = YES;
				GCC_C_LANGUAGE_STANDARD = gnu99;
				GCC_NO_COMMON_BLOCKS = YES;
				GCC_WARN_64_TO_32_BIT_CONVERSION = YES;
				GCC_WARN_ABOUT_RETURN_TYPE = YES_ERROR;
				GCC_WARN_UNDECLARED_SELECTOR = YES;
				GCC_WARN_UNINITIALIZED_AUTOS = YES_AGGRESSIVE;
				GCC_WARN_UNUSED_FUNCTION = YES;
				GCC_WARN_UNUSED_VARIABLE = YES;
				IPHONEOS_DEPLOYMENT_TARGET = 10.0;
				MTL_ENABLE_DEBUG_INFO = NO;
				SDKROOT = iphoneos;
				TARGETED_DEVICE_FAMILY = "1,2";
				VALIDATE_PRODUCT = YES;
			};
			name = Release;
		};
		C0B5ACE01DD17C5C00596FE1 /* Debug */ = {
			isa = XCBuildConfiguration;
			buildSettings = {
				ASSETCATALOG_COMPILER_APPICON_NAME = AppIcon;
				DEVELOPMENT_TEAM = UK2GY2YU7T;
				INFOPLIST_FILE = VSPNOA/Info.plist;
				LD_RUNPATH_SEARCH_PATHS = "$(inherited) @executable_path/Frameworks";
				PRODUCT_BUNDLE_IDENTIFIER = com.vspn.VSPNOA;
				PRODUCT_NAME = "$(TARGET_NAME)";
			};
			name = Debug;
		};
		C0B5ACE11DD17C5C00596FE1 /* Release */ = {
			isa = XCBuildConfiguration;
			buildSettings = {
				ASSETCATALOG_COMPILER_APPICON_NAME = AppIcon;
				DEVELOPMENT_TEAM = UK2GY2YU7T;
				INFOPLIST_FILE = VSPNOA/Info.plist;
				LD_RUNPATH_SEARCH_PATHS = "$(inherited) @executable_path/Frameworks";
				PRODUCT_BUNDLE_IDENTIFIER = com.vspn.VSPNOA;
				PRODUCT_NAME = "$(TARGET_NAME)";
			};
			name = Release;
		};
		C0B5ACE31DD17C5C00596FE1 /* Debug */ = {
			isa = XCBuildConfiguration;
			buildSettings = {
				BUNDLE_LOADER = "$(TEST_HOST)";
				DEVELOPMENT_TEAM = UK2GY2YU7T;
				INFOPLIST_FILE = VSPNOATests/Info.plist;
				LD_RUNPATH_SEARCH_PATHS = "$(inherited) @executable_path/Frameworks @loader_path/Frameworks";
				PRODUCT_BUNDLE_IDENTIFIER = com.vspn.VSPNOATests;
				PRODUCT_NAME = "$(TARGET_NAME)";
				TEST_HOST = "$(BUILT_PRODUCTS_DIR)/VSPNOA.app/VSPNOA";
			};
			name = Debug;
		};
		C0B5ACE41DD17C5C00596FE1 /* Release */ = {
			isa = XCBuildConfiguration;
			buildSettings = {
				BUNDLE_LOADER = "$(TEST_HOST)";
				DEVELOPMENT_TEAM = UK2GY2YU7T;
				INFOPLIST_FILE = VSPNOATests/Info.plist;
				LD_RUNPATH_SEARCH_PATHS = "$(inherited) @executable_path/Frameworks @loader_path/Frameworks";
				PRODUCT_BUNDLE_IDENTIFIER = com.vspn.VSPNOATests;
				PRODUCT_NAME = "$(TARGET_NAME)";
				TEST_HOST = "$(BUILT_PRODUCTS_DIR)/VSPNOA.app/VSPNOA";
			};
			name = Release;
		};
		C0B5ACE61DD17C5C00596FE1 /* Debug */ = {
			isa = XCBuildConfiguration;
			buildSettings = {
				DEVELOPMENT_TEAM = UK2GY2YU7T;
				INFOPLIST_FILE = VSPNOAUITests/Info.plist;
				LD_RUNPATH_SEARCH_PATHS = "$(inherited) @executable_path/Frameworks @loader_path/Frameworks";
				PRODUCT_BUNDLE_IDENTIFIER = com.vspn.VSPNOAUITests;
				PRODUCT_NAME = "$(TARGET_NAME)";
				TEST_TARGET_NAME = VSPNOA;
			};
			name = Debug;
		};
		C0B5ACE71DD17C5C00596FE1 /* Release */ = {
			isa = XCBuildConfiguration;
			buildSettings = {
				DEVELOPMENT_TEAM = UK2GY2YU7T;
				INFOPLIST_FILE = VSPNOAUITests/Info.plist;
				LD_RUNPATH_SEARCH_PATHS = "$(inherited) @executable_path/Frameworks @loader_path/Frameworks";
				PRODUCT_BUNDLE_IDENTIFIER = com.vspn.VSPNOAUITests;
				PRODUCT_NAME = "$(TARGET_NAME)";
				TEST_TARGET_NAME = VSPNOA;
			};
			name = Release;
		};
/* End XCBuildConfiguration section */

/* Begin XCConfigurationList section */
		C0B5ACAD1DD17C5C00596FE1 /* Build configuration list for PBXProject "VSPNOA" */ = {
			isa = XCConfigurationList;
			buildConfigurations = (
				C0B5ACDD1DD17C5C00596FE1 /* Debug */,
				C0B5ACDE1DD17C5C00596FE1 /* Release */,
			);
			defaultConfigurationIsVisible = 0;
			defaultConfigurationName = Release;
		};
		C0B5ACDF1DD17C5C00596FE1 /* Build configuration list for PBXNativeTarget "VSPNOA" */ = {
			isa = XCConfigurationList;
			buildConfigurations = (
				C0B5ACE01DD17C5C00596FE1 /* Debug */,
				C0B5ACE11DD17C5C00596FE1 /* Release */,
			);
			defaultConfigurationIsVisible = 0;
			defaultConfigurationName = Release;
		};
		C0B5ACE21DD17C5C00596FE1 /* Build configuration list for PBXNativeTarget "VSPNOATests" */ = {
			isa = XCConfigurationList;
			buildConfigurations = (
				C0B5ACE31DD17C5C00596FE1 /* Debug */,
				C0B5ACE41DD17C5C00596FE1 /* Release */,
			);
			defaultConfigurationIsVisible = 0;
			defaultConfigurationName = Release;
		};
		C0B5ACE51DD17C5C00596FE1 /* Build configuration list for PBXNativeTarget "VSPNOAUITests" */ = {
			isa = XCConfigurationList;
			buildConfigurations = (
				C0B5ACE61DD17C5C00596FE1 /* Debug */,
				C0B5ACE71DD17C5C00596FE1 /* Release */,
			);
			defaultConfigurationIsVisible = 0;
			defaultConfigurationName = Release;
		};
/* End XCConfigurationList section */
	};
	rootObject = C0B5ACAA1DD17C5C00596FE1 /* Project object */;
}
